
Microsoft Visual Studio Solution File, Format Version 12.00
# Visual Studio 15
VisualStudioVersion = 15.0.28307.136
MinimumVisualStudioVersion = 10.0.40219.1
Project("{FAE04EC0-301F-11D3-BF4B-00C04F79EFBC}") = "ConsoleApp1", "ConsoleApp1\ConsoleApp1.csproj", "{54653F8C-9139-48C8-9B8A-C4AC295003BC}"
EndProject
Project("{FAE04EC0-301F-11D3-BF4B-00C04F79EFBC}") = "ClassLibrary1", "ClassLibrary1\ClassLibrary1.csproj", "{CC8B74D0-6652-4229-8E3F-33653454A9AE}"
EndProject
Global
	GlobalSection(SolutionConfigurationPlatforms) = preSolution
		Debug|Any CPU = Debug|Any CPU
		Release|Any CPU = Release|Any CPU
	EndGlobalSection
	GlobalSection(ProjectConfigurationPlatforms) = postSolution
		{54653F8C-9139-48C8-9B8A-C4AC295003BC}.Debug|Any CPU.ActiveCfg = Debug|Any CPU
		{54653F8C-9139-48C8-9B8A-C4AC295003BC}.Debug|Any CPU.Build.0 = Debug|Any CPU
		{54653F8C-9139-48C8-9B8A-C4AC295003BC}.Release|Any CPU.ActiveCfg = Release|Any CPU
		{54653F8C-9139-48C8-9B8A-C4AC295003BC}.Release|Any CPU.Build.0 = Release|Any CPU
		{CC8B74D0-6652-4229-8E3F-33653454A9AE}.Debug|Any CPU.ActiveCfg = Debug|Any CPU
		{CC8B74D0-6652-4229-8E3F-33653454A9AE}.Debug|Any CPU.Build.0 = Debug|Any CPU
		{CC8B74D0-6652-4229-8E3F-33653454A9AE}.Release|Any CPU.ActiveCfg = Release|Any CPU
		{CC8B74D0-6652-4229-8E3F-33653454A9AE}.Release|Any CPU.Build.0 = Release|Any CPU
	EndGlobalSection
	GlobalSection(SolutionProperties) = preSolution
		HideSolutionNode = FALSE
	EndGlobalSection
	GlobalSection(ExtensibilityGlobals) = postSolution
		SolutionGuid = {D2BF6B84-9060-4599-9C0B-BA1227DC162A}
	EndGlobalSection
EndGlobal
