
Microsoft Visual Studio Solution File, Format Version 12.00
# Visual Studio 15
VisualStudioVersion = 15.0.28307.329
MinimumVisualStudioVersion = 10.0.40219.1
Project("{FAE04EC0-301F-11D3-BF4B-00C04F79EFBC}") = "ConsoleApp1", "ConsoleApp1\ConsoleApp1.csproj", "{C3E830F3-0302-4F15-A040-094D1A94CD1C}"
EndProject
Project("{9A19103F-16F7-4668-BE54-9A1E7A4F7556}") = "ConsoleApp2", "..\..\Lesson2\ConsoleApp2\ConsoleApp2.csproj", "{2C190073-BC67-4ED6-AB10-C9673438FB36}"
EndProject
Project("{9A19103F-16F7-4668-BE54-9A1E7A4F7556}") = "Homework", "Homework\Homework.csproj", "{E51A1972-E9A2-4D0E-B285-9E7BC7921103}"
EndProject
Project("{FAE04EC0-301F-11D3-BF4B-00C04F79EFBC}") = "ConsoleApp3", "..\..\Lesson3\ConsoleApp3\ConsoleApp3.csproj", "{9DFAA4BF-4EDD-4EB1-8B79-F3FB432581AB}"
EndProject
Project("{FAE04EC0-301F-11D3-BF4B-00C04F79EFBC}") = "Homework2_TheAnimalFarm", "..\..\Homework2_TheAnimalFarm\Homework2_TheAnimalFarm\Homework2_TheAnimalFarm.csproj", "{816B3E80-C970-4814-A4EA-5050CF48E3EF}"
EndProject
Project("{FAE04EC0-301F-11D3-BF4B-00C04F79EFBC}") = "Homework2_TheAnimalFarm_WPF", "..\..\Homework2_TheAnimalFarm_WPF\Homework2_TheAnimalFarm_WPF\Homework2_TheAnimalFarm_WPF.csproj", "{E4B7FB85-F6E7-4F52-8A14-ED177B6D7D0B}"
EndProject
Project("{FAE04EC0-301F-11D3-BF4B-00C04F79EFBC}") = "ConsoleApp4", "..\..\Lesson4\ConsoleApp4\ConsoleApp4.csproj", "{4B238667-DD5E-4A81-89F6-DAB2F782BBE9}"
EndProject
Project("{FAE04EC0-301F-11D3-BF4B-00C04F79EFBC}") = "ClassLibrary1", "..\..\Lesson4\ClassLibrary1\ClassLibrary1.csproj", "{18902208-E245-49B5-BF63-6DE28468F0A9}"
EndProject
Project("{FAE04EC0-301F-11D3-BF4B-00C04F79EFBC}") = "BankLibrary", "..\..\TheBank\BankLibrary1\BankLibrary.csproj", "{B076FD8A-00FA-4F69-BEDC-C0BC3CC890E1}"
EndProject
Project("{FAE04EC0-301F-11D3-BF4B-00C04F79EFBC}") = "TheBankWPF", "..\..\TheBank\TheBankWPF\TheBankWPF.csproj", "{080F27F6-5C98-44EC-ADD1-F611F2AD3F44}"
EndProject
Global
	GlobalSection(SolutionConfigurationPlatforms) = preSolution
		Debug|Any CPU = Debug|Any CPU
		Release|Any CPU = Release|Any CPU
	EndGlobalSection
	GlobalSection(ProjectConfigurationPlatforms) = postSolution
		{C3E830F3-0302-4F15-A040-094D1A94CD1C}.Debug|Any CPU.ActiveCfg = Debug|Any CPU
		{C3E830F3-0302-4F15-A040-094D1A94CD1C}.Debug|Any CPU.Build.0 = Debug|Any CPU
		{C3E830F3-0302-4F15-A040-094D1A94CD1C}.Release|Any CPU.ActiveCfg = Release|Any CPU
		{C3E830F3-0302-4F15-A040-094D1A94CD1C}.Release|Any CPU.Build.0 = Release|Any CPU
		{2C190073-BC67-4ED6-AB10-C9673438FB36}.Debug|Any CPU.ActiveCfg = Debug|Any CPU
		{2C190073-BC67-4ED6-AB10-C9673438FB36}.Debug|Any CPU.Build.0 = Debug|Any CPU
		{2C190073-BC67-4ED6-AB10-C9673438FB36}.Release|Any CPU.ActiveCfg = Release|Any CPU
		{2C190073-BC67-4ED6-AB10-C9673438FB36}.Release|Any CPU.Build.0 = Release|Any CPU
		{E51A1972-E9A2-4D0E-B285-9E7BC7921103}.Debug|Any CPU.ActiveCfg = Debug|Any CPU
		{E51A1972-E9A2-4D0E-B285-9E7BC7921103}.Debug|Any CPU.Build.0 = Debug|Any CPU
		{E51A1972-E9A2-4D0E-B285-9E7BC7921103}.Release|Any CPU.ActiveCfg = Release|Any CPU
		{E51A1972-E9A2-4D0E-B285-9E7BC7921103}.Release|Any CPU.Build.0 = Release|Any CPU
		{9DFAA4BF-4EDD-4EB1-8B79-F3FB432581AB}.Debug|Any CPU.ActiveCfg = Debug|Any CPU
		{9DFAA4BF-4EDD-4EB1-8B79-F3FB432581AB}.Debug|Any CPU.Build.0 = Debug|Any CPU
		{9DFAA4BF-4EDD-4EB1-8B79-F3FB432581AB}.Release|Any CPU.ActiveCfg = Release|Any CPU
		{9DFAA4BF-4EDD-4EB1-8B79-F3FB432581AB}.Release|Any CPU.Build.0 = Release|Any CPU
		{816B3E80-C970-4814-A4EA-5050CF48E3EF}.Debug|Any CPU.ActiveCfg = Debug|Any CPU
		{816B3E80-C970-4814-A4EA-5050CF48E3EF}.Debug|Any CPU.Build.0 = Debug|Any CPU
		{816B3E80-C970-4814-A4EA-5050CF48E3EF}.Release|Any CPU.ActiveCfg = Release|Any CPU
		{816B3E80-C970-4814-A4EA-5050CF48E3EF}.Release|Any CPU.Build.0 = Release|Any CPU
		{E4B7FB85-F6E7-4F52-8A14-ED177B6D7D0B}.Debug|Any CPU.ActiveCfg = Debug|Any CPU
		{E4B7FB85-F6E7-4F52-8A14-ED177B6D7D0B}.Debug|Any CPU.Build.0 = Debug|Any CPU
		{E4B7FB85-F6E7-4F52-8A14-ED177B6D7D0B}.Release|Any CPU.ActiveCfg = Release|Any CPU
		{E4B7FB85-F6E7-4F52-8A14-ED177B6D7D0B}.Release|Any CPU.Build.0 = Release|Any CPU
		{4B238667-DD5E-4A81-89F6-DAB2F782BBE9}.Debug|Any CPU.ActiveCfg = Debug|Any CPU
		{4B238667-DD5E-4A81-89F6-DAB2F782BBE9}.Debug|Any CPU.Build.0 = Debug|Any CPU
		{4B238667-DD5E-4A81-89F6-DAB2F782BBE9}.Release|Any CPU.ActiveCfg = Release|Any CPU
		{4B238667-DD5E-4A81-89F6-DAB2F782BBE9}.Release|Any CPU.Build.0 = Release|Any CPU
		{18902208-E245-49B5-BF63-6DE28468F0A9}.Debug|Any CPU.ActiveCfg = Debug|Any CPU
		{18902208-E245-49B5-BF63-6DE28468F0A9}.Debug|Any CPU.Build.0 = Debug|Any CPU
		{18902208-E245-49B5-BF63-6DE28468F0A9}.Release|Any CPU.ActiveCfg = Release|Any CPU
		{18902208-E245-49B5-BF63-6DE28468F0A9}.Release|Any CPU.Build.0 = Release|Any CPU
		{B076FD8A-00FA-4F69-BEDC-C0BC3CC890E1}.Debug|Any CPU.ActiveCfg = Debug|Any CPU
		{B076FD8A-00FA-4F69-BEDC-C0BC3CC890E1}.Debug|Any CPU.Build.0 = Debug|Any CPU
		{B076FD8A-00FA-4F69-BEDC-C0BC3CC890E1}.Release|Any CPU.ActiveCfg = Release|Any CPU
		{B076FD8A-00FA-4F69-BEDC-C0BC3CC890E1}.Release|Any CPU.Build.0 = Release|Any CPU
		{080F27F6-5C98-44EC-ADD1-F611F2AD3F44}.Debug|Any CPU.ActiveCfg = Debug|Any CPU
		{080F27F6-5C98-44EC-ADD1-F611F2AD3F44}.Debug|Any CPU.Build.0 = Debug|Any CPU
		{080F27F6-5C98-44EC-ADD1-F611F2AD3F44}.Release|Any CPU.ActiveCfg = Release|Any CPU
		{080F27F6-5C98-44EC-ADD1-F611F2AD3F44}.Release|Any CPU.Build.0 = Release|Any CPU
	EndGlobalSection
	GlobalSection(SolutionProperties) = preSolution
		HideSolutionNode = FALSE
	EndGlobalSection
	GlobalSection(ExtensibilityGlobals) = postSolution
		SolutionGuid = {2DF65850-E060-4825-B850-296DB6BE1B42}
	EndGlobalSection
EndGlobal
