
Microsoft Visual Studio Solution File, Format Version 12.00
# Visual Studio 15
VisualStudioVersion = 15.0.28307.421
MinimumVisualStudioVersion = 10.0.40219.1
Project("{FAE04EC0-301F-11D3-BF4B-00C04F79EFBC}") = "WindowsFormsApp1", "WindowsFormsApp1\WindowsFormsApp1.csproj", "{BFD7B194-C9B7-48D1-ADA2-C523206B7867}"
EndProject
Project("{FAE04EC0-301F-11D3-BF4B-00C04F79EFBC}") = "WpfApp1", "..\WpfApp1\WpfApp1.csproj", "{CE19AF2E-8878-4F0A-9330-0BB2AD6FBA38}"
EndProject
Global
	GlobalSection(SolutionConfigurationPlatforms) = preSolution
		Debug|Any CPU = Debug|Any CPU
		Release|Any CPU = Release|Any CPU
	EndGlobalSection
	GlobalSection(ProjectConfigurationPlatforms) = postSolution
		{BFD7B194-C9B7-48D1-ADA2-C523206B7867}.Debug|Any CPU.ActiveCfg = Debug|Any CPU
		{BFD7B194-C9B7-48D1-ADA2-C523206B7867}.Debug|Any CPU.Build.0 = Debug|Any CPU
		{BFD7B194-C9B7-48D1-ADA2-C523206B7867}.Release|Any CPU.ActiveCfg = Release|Any CPU
		{BFD7B194-C9B7-48D1-ADA2-C523206B7867}.Release|Any CPU.Build.0 = Release|Any CPU
		{CE19AF2E-8878-4F0A-9330-0BB2AD6FBA38}.Debug|Any CPU.ActiveCfg = Debug|Any CPU
		{CE19AF2E-8878-4F0A-9330-0BB2AD6FBA38}.Debug|Any CPU.Build.0 = Debug|Any CPU
		{CE19AF2E-8878-4F0A-9330-0BB2AD6FBA38}.Release|Any CPU.ActiveCfg = Release|Any CPU
		{CE19AF2E-8878-4F0A-9330-0BB2AD6FBA38}.Release|Any CPU.Build.0 = Release|Any CPU
	EndGlobalSection
	GlobalSection(SolutionProperties) = preSolution
		HideSolutionNode = FALSE
	EndGlobalSection
	GlobalSection(ExtensibilityGlobals) = postSolution
		SolutionGuid = {5959D25B-BB47-457B-ADB0-C38A5845F502}
	EndGlobalSection
EndGlobal
