
Microsoft Visual Studio Solution File, Format Version 12.00
# Visual Studio 15
VisualStudioVersion = 15.0.28307.136
MinimumVisualStudioVersion = 10.0.40219.1
Project("{FAE04EC0-301F-11D3-BF4B-00C04F79EFBC}") = "ConsoleApp1", "ConsoleApp1\ConsoleApp1.csproj", "{837C6EE1-AE86-4EAA-9D15-170EDBEDB2AB}"
EndProject
Project("{FAE04EC0-301F-11D3-BF4B-00C04F79EFBC}") = "Homework2", "Homework2\Homework2.csproj", "{9DFEB6D3-445A-4FCD-82A1-C0413FC0BB3F}"
EndProject
Global
	GlobalSection(SolutionConfigurationPlatforms) = preSolution
		Debug|Any CPU = Debug|Any CPU
		Release|Any CPU = Release|Any CPU
	EndGlobalSection
	GlobalSection(ProjectConfigurationPlatforms) = postSolution
		{837C6EE1-AE86-4EAA-9D15-170EDBEDB2AB}.Debug|Any CPU.ActiveCfg = Debug|Any CPU
		{837C6EE1-AE86-4EAA-9D15-170EDBEDB2AB}.Debug|Any CPU.Build.0 = Debug|Any CPU
		{837C6EE1-AE86-4EAA-9D15-170EDBEDB2AB}.Release|Any CPU.ActiveCfg = Release|Any CPU
		{837C6EE1-AE86-4EAA-9D15-170EDBEDB2AB}.Release|Any CPU.Build.0 = Release|Any CPU
		{9DFEB6D3-445A-4FCD-82A1-C0413FC0BB3F}.Debug|Any CPU.ActiveCfg = Debug|Any CPU
		{9DFEB6D3-445A-4FCD-82A1-C0413FC0BB3F}.Debug|Any CPU.Build.0 = Debug|Any CPU
		{9DFEB6D3-445A-4FCD-82A1-C0413FC0BB3F}.Release|Any CPU.ActiveCfg = Release|Any CPU
		{9DFEB6D3-445A-4FCD-82A1-C0413FC0BB3F}.Release|Any CPU.Build.0 = Release|Any CPU
	EndGlobalSection
	GlobalSection(SolutionProperties) = preSolution
		HideSolutionNode = FALSE
	EndGlobalSection
	GlobalSection(ExtensibilityGlobals) = postSolution
		SolutionGuid = {5E0CE132-5D68-46EC-945D-0BD4A493C842}
	EndGlobalSection
EndGlobal
