
Microsoft Visual Studio Solution File, Format Version 12.00
# Visual Studio 15
VisualStudioVersion = 15.0.28307.329
MinimumVisualStudioVersion = 10.0.40219.1
Project("{FAE04EC0-301F-11D3-BF4B-00C04F79EFBC}") = "AnimalFarm", "AnimalFarm\AnimalFarm.csproj", "{BD30FC53-9493-41B1-895A-BB80049DE4F9}"
EndProject
Global
	GlobalSection(SolutionConfigurationPlatforms) = preSolution
		Debug|Any CPU = Debug|Any CPU
		Release|Any CPU = Release|Any CPU
	EndGlobalSection
	GlobalSection(ProjectConfigurationPlatforms) = postSolution
		{BD30FC53-9493-41B1-895A-BB80049DE4F9}.Debug|Any CPU.ActiveCfg = Debug|Any CPU
		{BD30FC53-9493-41B1-895A-BB80049DE4F9}.Debug|Any CPU.Build.0 = Debug|Any CPU
		{BD30FC53-9493-41B1-895A-BB80049DE4F9}.Release|Any CPU.ActiveCfg = Release|Any CPU
		{BD30FC53-9493-41B1-895A-BB80049DE4F9}.Release|Any CPU.Build.0 = Release|Any CPU
	EndGlobalSection
	GlobalSection(SolutionProperties) = preSolution
		HideSolutionNode = FALSE
	EndGlobalSection
	GlobalSection(ExtensibilityGlobals) = postSolution
		SolutionGuid = {4B8390E2-3CD2-4664-8C11-A9461B27CB94}
	EndGlobalSection
EndGlobal
