
Microsoft Visual Studio Solution File, Format Version 12.00
# Visual Studio 15
VisualStudioVersion = 15.0.28307.421
MinimumVisualStudioVersion = 10.0.40219.1
Project("{FAE04EC0-301F-11D3-BF4B-00C04F79EFBC}") = "ConsoleApp1", "ConsoleApp1.csproj", "{D2AE51B0-E53F-4814-90E0-90ACCFF878ED}"
EndProject
Project("{FAE04EC0-301F-11D3-BF4B-00C04F79EFBC}") = "ClassLibrary1", "..\ClassLibrary1\ClassLibrary1.csproj", "{A7D45B6E-E294-48C8-A270-E7C61F85B6AA}"
EndProject
Global
	GlobalSection(SolutionConfigurationPlatforms) = preSolution
		Debug|Any CPU = Debug|Any CPU
		Release|Any CPU = Release|Any CPU
	EndGlobalSection
	GlobalSection(ProjectConfigurationPlatforms) = postSolution
		{D2AE51B0-E53F-4814-90E0-90ACCFF878ED}.Debug|Any CPU.ActiveCfg = Debug|Any CPU
		{D2AE51B0-E53F-4814-90E0-90ACCFF878ED}.Debug|Any CPU.Build.0 = Debug|Any CPU
		{D2AE51B0-E53F-4814-90E0-90ACCFF878ED}.Release|Any CPU.ActiveCfg = Release|Any CPU
		{D2AE51B0-E53F-4814-90E0-90ACCFF878ED}.Release|Any CPU.Build.0 = Release|Any CPU
		{A7D45B6E-E294-48C8-A270-E7C61F85B6AA}.Debug|Any CPU.ActiveCfg = Debug|Any CPU
		{A7D45B6E-E294-48C8-A270-E7C61F85B6AA}.Debug|Any CPU.Build.0 = Debug|Any CPU
		{A7D45B6E-E294-48C8-A270-E7C61F85B6AA}.Release|Any CPU.ActiveCfg = Release|Any CPU
		{A7D45B6E-E294-48C8-A270-E7C61F85B6AA}.Release|Any CPU.Build.0 = Release|Any CPU
	EndGlobalSection
	GlobalSection(SolutionProperties) = preSolution
		HideSolutionNode = FALSE
	EndGlobalSection
	GlobalSection(ExtensibilityGlobals) = postSolution
		SolutionGuid = {B7F25446-1222-414A-8BE3-667506828AF1}
	EndGlobalSection
EndGlobal
