
Microsoft Visual Studio Solution File, Format Version 12.00
# Visual Studio 15
VisualStudioVersion = 15.0.28307.421
MinimumVisualStudioVersion = 10.0.40219.1
Project("{FAE04EC0-301F-11D3-BF4B-00C04F79EFBC}") = "ConsoleApp1", "ConsoleApp1\ConsoleApp1.csproj", "{4DA9DACD-F9E9-4578-A9E1-A65B6D1F479A}"
EndProject
Project("{FAE04EC0-301F-11D3-BF4B-00C04F79EFBC}") = "ClassLibrary1", "ClassLibrary1\ClassLibrary1.csproj", "{37AB2864-59CE-445D-8CC6-B03BC13F8126}"
EndProject
Global
	GlobalSection(SolutionConfigurationPlatforms) = preSolution
		Debug|Any CPU = Debug|Any CPU
		Release|Any CPU = Release|Any CPU
	EndGlobalSection
	GlobalSection(ProjectConfigurationPlatforms) = postSolution
		{4DA9DACD-F9E9-4578-A9E1-A65B6D1F479A}.Debug|Any CPU.ActiveCfg = Debug|Any CPU
		{4DA9DACD-F9E9-4578-A9E1-A65B6D1F479A}.Debug|Any CPU.Build.0 = Debug|Any CPU
		{4DA9DACD-F9E9-4578-A9E1-A65B6D1F479A}.Release|Any CPU.ActiveCfg = Release|Any CPU
		{4DA9DACD-F9E9-4578-A9E1-A65B6D1F479A}.Release|Any CPU.Build.0 = Release|Any CPU
		{37AB2864-59CE-445D-8CC6-B03BC13F8126}.Debug|Any CPU.ActiveCfg = Debug|Any CPU
		{37AB2864-59CE-445D-8CC6-B03BC13F8126}.Debug|Any CPU.Build.0 = Debug|Any CPU
		{37AB2864-59CE-445D-8CC6-B03BC13F8126}.Release|Any CPU.ActiveCfg = Release|Any CPU
		{37AB2864-59CE-445D-8CC6-B03BC13F8126}.Release|Any CPU.Build.0 = Release|Any CPU
	EndGlobalSection
	GlobalSection(SolutionProperties) = preSolution
		HideSolutionNode = FALSE
	EndGlobalSection
	GlobalSection(ExtensibilityGlobals) = postSolution
		SolutionGuid = {02015B9D-70E1-4E42-9865-B7208D3096A0}
	EndGlobalSection
EndGlobal
