
Microsoft Visual Studio Solution File, Format Version 12.00
# Visual Studio 15
VisualStudioVersion = 15.0.28307.329
MinimumVisualStudioVersion = 10.0.40219.1
Project("{FAE04EC0-301F-11D3-BF4B-00C04F79EFBC}") = "ConsoleApp1", "ConsoleApp1\ConsoleApp1.csproj", "{1C0B379A-642F-43AF-B451-3C29607E2BAE}"
EndProject
Project("{FAE04EC0-301F-11D3-BF4B-00C04F79EFBC}") = "ClassLibrary1", "ClassLibrary1\ClassLibrary1.csproj", "{F6705778-EE6B-4600-9BAA-D01E20F5D706}"
EndProject
Project("{FAE04EC0-301F-11D3-BF4B-00C04F79EFBC}") = "WebApplication1", "..\..\Lesson6\WindowsFormsApp1\WebApplication1\WebApplication1.csproj", "{3E2AA43D-6A81-4F80-BF84-6D9FC354A502}"
EndProject
Global
	GlobalSection(SolutionConfigurationPlatforms) = preSolution
		Debug|Any CPU = Debug|Any CPU
		Release|Any CPU = Release|Any CPU
	EndGlobalSection
	GlobalSection(ProjectConfigurationPlatforms) = postSolution
		{1C0B379A-642F-43AF-B451-3C29607E2BAE}.Debug|Any CPU.ActiveCfg = Debug|Any CPU
		{1C0B379A-642F-43AF-B451-3C29607E2BAE}.Debug|Any CPU.Build.0 = Debug|Any CPU
		{1C0B379A-642F-43AF-B451-3C29607E2BAE}.Release|Any CPU.ActiveCfg = Release|Any CPU
		{1C0B379A-642F-43AF-B451-3C29607E2BAE}.Release|Any CPU.Build.0 = Release|Any CPU
		{F6705778-EE6B-4600-9BAA-D01E20F5D706}.Debug|Any CPU.ActiveCfg = Debug|Any CPU
		{F6705778-EE6B-4600-9BAA-D01E20F5D706}.Debug|Any CPU.Build.0 = Debug|Any CPU
		{F6705778-EE6B-4600-9BAA-D01E20F5D706}.Release|Any CPU.ActiveCfg = Release|Any CPU
		{F6705778-EE6B-4600-9BAA-D01E20F5D706}.Release|Any CPU.Build.0 = Release|Any CPU
		{3E2AA43D-6A81-4F80-BF84-6D9FC354A502}.Debug|Any CPU.ActiveCfg = Debug|Any CPU
		{3E2AA43D-6A81-4F80-BF84-6D9FC354A502}.Debug|Any CPU.Build.0 = Debug|Any CPU
		{3E2AA43D-6A81-4F80-BF84-6D9FC354A502}.Release|Any CPU.ActiveCfg = Release|Any CPU
		{3E2AA43D-6A81-4F80-BF84-6D9FC354A502}.Release|Any CPU.Build.0 = Release|Any CPU
	EndGlobalSection
	GlobalSection(SolutionProperties) = preSolution
		HideSolutionNode = FALSE
	EndGlobalSection
	GlobalSection(ExtensibilityGlobals) = postSolution
		SolutionGuid = {33924CDD-0E23-4D9D-8E08-59490CE10325}
	EndGlobalSection
EndGlobal
