
Microsoft Visual Studio Solution File, Format Version 12.00
# Visual Studio 15
VisualStudioVersion = 15.0.28307.329
MinimumVisualStudioVersion = 10.0.40219.1
Project("{FAE04EC0-301F-11D3-BF4B-00C04F79EFBC}") = "ConsoleApp1", "ConsoleApp1\ConsoleApp1.csproj", "{C3E830F3-0302-4F15-A040-094D1A94CD1C}"
EndProject
Project("{FAE04EC0-301F-11D3-BF4B-00C04F79EFBC}") = "ConsoleApp2", "..\..\Lesson2\ConsoleApp2\ConsoleApp2.csproj", "{2010A922-3C73-4E0C-B44C-DF94383B464C}"
EndProject
Project("{FAE04EC0-301F-11D3-BF4B-00C04F79EFBC}") = "ConsoleApp3", "..\..\Lesson3\ConsoleApp3\ConsoleApp3.csproj", "{5D1D1C84-0295-4289-8D44-EC6BE4083796}"
EndProject
Global
	GlobalSection(SolutionConfigurationPlatforms) = preSolution
		Debug|Any CPU = Debug|Any CPU
		Release|Any CPU = Release|Any CPU
	EndGlobalSection
	GlobalSection(ProjectConfigurationPlatforms) = postSolution
		{C3E830F3-0302-4F15-A040-094D1A94CD1C}.Debug|Any CPU.ActiveCfg = Debug|Any CPU
		{C3E830F3-0302-4F15-A040-094D1A94CD1C}.Debug|Any CPU.Build.0 = Debug|Any CPU
		{C3E830F3-0302-4F15-A040-094D1A94CD1C}.Release|Any CPU.ActiveCfg = Release|Any CPU
		{C3E830F3-0302-4F15-A040-094D1A94CD1C}.Release|Any CPU.Build.0 = Release|Any CPU
		{2010A922-3C73-4E0C-B44C-DF94383B464C}.Debug|Any CPU.ActiveCfg = Debug|Any CPU
		{2010A922-3C73-4E0C-B44C-DF94383B464C}.Debug|Any CPU.Build.0 = Debug|Any CPU
		{2010A922-3C73-4E0C-B44C-DF94383B464C}.Release|Any CPU.ActiveCfg = Release|Any CPU
		{2010A922-3C73-4E0C-B44C-DF94383B464C}.Release|Any CPU.Build.0 = Release|Any CPU
		{5D1D1C84-0295-4289-8D44-EC6BE4083796}.Debug|Any CPU.ActiveCfg = Debug|Any CPU
		{5D1D1C84-0295-4289-8D44-EC6BE4083796}.Debug|Any CPU.Build.0 = Debug|Any CPU
		{5D1D1C84-0295-4289-8D44-EC6BE4083796}.Release|Any CPU.ActiveCfg = Release|Any CPU
		{5D1D1C84-0295-4289-8D44-EC6BE4083796}.Release|Any CPU.Build.0 = Release|Any CPU
	EndGlobalSection
	GlobalSection(SolutionProperties) = preSolution
		HideSolutionNode = FALSE
	EndGlobalSection
	GlobalSection(ExtensibilityGlobals) = postSolution
		SolutionGuid = {2DF65850-E060-4825-B850-296DB6BE1B42}
	EndGlobalSection
EndGlobal
