
Microsoft Visual Studio Solution File, Format Version 12.00
# Visual Studio 15
VisualStudioVersion = 15.0.28307.329
MinimumVisualStudioVersion = 10.0.40219.1
Project("{FAE04EC0-301F-11D3-BF4B-00C04F79EFBC}") = "ConsoleApp1", "ConsoleApp1\ConsoleApp1.csproj", "{C3E830F3-0302-4F15-A040-094D1A94CD1C}"
EndProject
Project("{FAE04EC0-301F-11D3-BF4B-00C04F79EFBC}") = "Lesson2", "..\..\Lesson2\Lesson2\Lesson2.csproj", "{0CB1372A-2D51-4FF5-8C23-DBD2EF9CD273}"
EndProject
Project("{FAE04EC0-301F-11D3-BF4B-00C04F79EFBC}") = "Homework1_Sort", "Homework1\Homework1_Sort.csproj", "{C1EB78E4-8DAA-4889-80C5-218228CA5AF5}"
EndProject
Project("{FAE04EC0-301F-11D3-BF4B-00C04F79EFBC}") = "Homework2_FibonacciIterative", "Homework2\Homework2_FibonacciIterative.csproj", "{6449DB7B-01B8-4A4A-903B-6C80BD4A0737}"
EndProject
Project("{FAE04EC0-301F-11D3-BF4B-00C04F79EFBC}") = "Homework3_StudentsArrayList", "Homework3_StudentsArrayList\Homework3_StudentsArrayList.csproj", "{6E61AC7A-2C01-4CEA-9423-D39D70B5CCDD}"
EndProject
Project("{FAE04EC0-301F-11D3-BF4B-00C04F79EFBC}") = "AnimalFarm_Homework", "AnimalFarm_Homework\AnimalFarm_Homework.csproj", "{DC6ADF57-56E2-42FB-993C-5610EDA179E8}"
EndProject
Project("{FAE04EC0-301F-11D3-BF4B-00C04F79EFBC}") = "Points_Homework", "PointsHomework\Points_Homework.csproj", "{44FE15F8-3CB2-4FAE-9AC2-73CD4EECA528}"
EndProject
Global
	GlobalSection(SolutionConfigurationPlatforms) = preSolution
		Debug|Any CPU = Debug|Any CPU
		Release|Any CPU = Release|Any CPU
	EndGlobalSection
	GlobalSection(ProjectConfigurationPlatforms) = postSolution
		{C3E830F3-0302-4F15-A040-094D1A94CD1C}.Debug|Any CPU.ActiveCfg = Debug|Any CPU
		{C3E830F3-0302-4F15-A040-094D1A94CD1C}.Debug|Any CPU.Build.0 = Debug|Any CPU
		{C3E830F3-0302-4F15-A040-094D1A94CD1C}.Release|Any CPU.ActiveCfg = Release|Any CPU
		{C3E830F3-0302-4F15-A040-094D1A94CD1C}.Release|Any CPU.Build.0 = Release|Any CPU
		{0CB1372A-2D51-4FF5-8C23-DBD2EF9CD273}.Debug|Any CPU.ActiveCfg = Debug|Any CPU
		{0CB1372A-2D51-4FF5-8C23-DBD2EF9CD273}.Debug|Any CPU.Build.0 = Debug|Any CPU
		{0CB1372A-2D51-4FF5-8C23-DBD2EF9CD273}.Release|Any CPU.ActiveCfg = Release|Any CPU
		{0CB1372A-2D51-4FF5-8C23-DBD2EF9CD273}.Release|Any CPU.Build.0 = Release|Any CPU
		{C1EB78E4-8DAA-4889-80C5-218228CA5AF5}.Debug|Any CPU.ActiveCfg = Debug|Any CPU
		{C1EB78E4-8DAA-4889-80C5-218228CA5AF5}.Debug|Any CPU.Build.0 = Debug|Any CPU
		{C1EB78E4-8DAA-4889-80C5-218228CA5AF5}.Release|Any CPU.ActiveCfg = Release|Any CPU
		{C1EB78E4-8DAA-4889-80C5-218228CA5AF5}.Release|Any CPU.Build.0 = Release|Any CPU
		{6449DB7B-01B8-4A4A-903B-6C80BD4A0737}.Debug|Any CPU.ActiveCfg = Debug|Any CPU
		{6449DB7B-01B8-4A4A-903B-6C80BD4A0737}.Debug|Any CPU.Build.0 = Debug|Any CPU
		{6449DB7B-01B8-4A4A-903B-6C80BD4A0737}.Release|Any CPU.ActiveCfg = Release|Any CPU
		{6449DB7B-01B8-4A4A-903B-6C80BD4A0737}.Release|Any CPU.Build.0 = Release|Any CPU
		{6E61AC7A-2C01-4CEA-9423-D39D70B5CCDD}.Debug|Any CPU.ActiveCfg = Debug|Any CPU
		{6E61AC7A-2C01-4CEA-9423-D39D70B5CCDD}.Debug|Any CPU.Build.0 = Debug|Any CPU
		{6E61AC7A-2C01-4CEA-9423-D39D70B5CCDD}.Release|Any CPU.ActiveCfg = Release|Any CPU
		{6E61AC7A-2C01-4CEA-9423-D39D70B5CCDD}.Release|Any CPU.Build.0 = Release|Any CPU
		{DC6ADF57-56E2-42FB-993C-5610EDA179E8}.Debug|Any CPU.ActiveCfg = Debug|Any CPU
		{DC6ADF57-56E2-42FB-993C-5610EDA179E8}.Debug|Any CPU.Build.0 = Debug|Any CPU
		{DC6ADF57-56E2-42FB-993C-5610EDA179E8}.Release|Any CPU.ActiveCfg = Release|Any CPU
		{DC6ADF57-56E2-42FB-993C-5610EDA179E8}.Release|Any CPU.Build.0 = Release|Any CPU
		{44FE15F8-3CB2-4FAE-9AC2-73CD4EECA528}.Debug|Any CPU.ActiveCfg = Debug|Any CPU
		{44FE15F8-3CB2-4FAE-9AC2-73CD4EECA528}.Debug|Any CPU.Build.0 = Debug|Any CPU
		{44FE15F8-3CB2-4FAE-9AC2-73CD4EECA528}.Release|Any CPU.ActiveCfg = Release|Any CPU
		{44FE15F8-3CB2-4FAE-9AC2-73CD4EECA528}.Release|Any CPU.Build.0 = Release|Any CPU
	EndGlobalSection
	GlobalSection(SolutionProperties) = preSolution
		HideSolutionNode = FALSE
	EndGlobalSection
	GlobalSection(ExtensibilityGlobals) = postSolution
		SolutionGuid = {2DF65850-E060-4825-B850-296DB6BE1B42}
	EndGlobalSection
EndGlobal
