
Microsoft Visual Studio Solution File, Format Version 12.00
# Visual Studio 15
VisualStudioVersion = 15.0.28307.136
MinimumVisualStudioVersion = 10.0.40219.1
Project("{FAE04EC0-301F-11D3-BF4B-00C04F79EFBC}") = "lesson4", "lesson4\lesson4.csproj", "{45C64F56-370F-4721-B4BF-61CCD1EBD774}"
EndProject
Project("{FAE04EC0-301F-11D3-BF4B-00C04F79EFBC}") = "ClassLibrary1", "ClassLibrary1\ClassLibrary1.csproj", "{0470D2B6-777B-4145-A79C-48BA7178A819}"
EndProject
Global
	GlobalSection(SolutionConfigurationPlatforms) = preSolution
		Debug|Any CPU = Debug|Any CPU
		Release|Any CPU = Release|Any CPU
	EndGlobalSection
	GlobalSection(ProjectConfigurationPlatforms) = postSolution
		{45C64F56-370F-4721-B4BF-61CCD1EBD774}.Debug|Any CPU.ActiveCfg = Debug|Any CPU
		{45C64F56-370F-4721-B4BF-61CCD1EBD774}.Debug|Any CPU.Build.0 = Debug|Any CPU
		{45C64F56-370F-4721-B4BF-61CCD1EBD774}.Release|Any CPU.ActiveCfg = Release|Any CPU
		{45C64F56-370F-4721-B4BF-61CCD1EBD774}.Release|Any CPU.Build.0 = Release|Any CPU
		{0470D2B6-777B-4145-A79C-48BA7178A819}.Debug|Any CPU.ActiveCfg = Debug|Any CPU
		{0470D2B6-777B-4145-A79C-48BA7178A819}.Debug|Any CPU.Build.0 = Debug|Any CPU
		{0470D2B6-777B-4145-A79C-48BA7178A819}.Release|Any CPU.ActiveCfg = Release|Any CPU
		{0470D2B6-777B-4145-A79C-48BA7178A819}.Release|Any CPU.Build.0 = Release|Any CPU
	EndGlobalSection
	GlobalSection(SolutionProperties) = preSolution
		HideSolutionNode = FALSE
	EndGlobalSection
	GlobalSection(ExtensibilityGlobals) = postSolution
		SolutionGuid = {C7D22607-35AA-4EBD-932D-C6A04FEDE759}
	EndGlobalSection
EndGlobal
