
Microsoft Visual Studio Solution File, Format Version 12.00
# Visual Studio 15
VisualStudioVersion = 15.0.28307.329
MinimumVisualStudioVersion = 10.0.40219.1
Project("{FAE04EC0-301F-11D3-BF4B-00C04F79EFBC}") = "ConsoleApp1", "ConsoleApp1\ConsoleApp1.csproj", "{C3E830F3-0302-4F15-A040-094D1A94CD1C}"
EndProject
Project("{FAE04EC0-301F-11D3-BF4B-00C04F79EFBC}") = "ConsoleApp2", "..\..\Lesson2\ConsoleApp2\ConsoleApp2.csproj", "{EE8277D4-1542-47C1-9CCD-056434ADE15C}"
EndProject
Project("{FAE04EC0-301F-11D3-BF4B-00C04F79EFBC}") = "ConsoleApp3", "..\..\Lesson3\ConsoleApp3\ConsoleApp3.csproj", "{1C242CBD-AF8D-4717-8683-F2378723DC03}"
EndProject
Project("{FAE04EC0-301F-11D3-BF4B-00C04F79EFBC}") = "ConsoleApp4", "..\..\Lession4\ConsoleApp4\ConsoleApp4.csproj", "{6BA0F9BC-1A7F-43B8-95BA-F9E06DED6E8D}"
EndProject
Project("{FAE04EC0-301F-11D3-BF4B-00C04F79EFBC}") = "ClassLibrary1", "..\..\Lession4\ClassLibrary1\ClassLibrary1.csproj", "{90022D5C-8C04-41D9-B2A7-D9DD9A4B16CE}"
EndProject
Global
	GlobalSection(SolutionConfigurationPlatforms) = preSolution
		Debug|Any CPU = Debug|Any CPU
		Release|Any CPU = Release|Any CPU
	EndGlobalSection
	GlobalSection(ProjectConfigurationPlatforms) = postSolution
		{C3E830F3-0302-4F15-A040-094D1A94CD1C}.Debug|Any CPU.ActiveCfg = Debug|Any CPU
		{C3E830F3-0302-4F15-A040-094D1A94CD1C}.Debug|Any CPU.Build.0 = Debug|Any CPU
		{C3E830F3-0302-4F15-A040-094D1A94CD1C}.Release|Any CPU.ActiveCfg = Release|Any CPU
		{C3E830F3-0302-4F15-A040-094D1A94CD1C}.Release|Any CPU.Build.0 = Release|Any CPU
		{EE8277D4-1542-47C1-9CCD-056434ADE15C}.Debug|Any CPU.ActiveCfg = Debug|Any CPU
		{EE8277D4-1542-47C1-9CCD-056434ADE15C}.Debug|Any CPU.Build.0 = Debug|Any CPU
		{EE8277D4-1542-47C1-9CCD-056434ADE15C}.Release|Any CPU.ActiveCfg = Release|Any CPU
		{EE8277D4-1542-47C1-9CCD-056434ADE15C}.Release|Any CPU.Build.0 = Release|Any CPU
		{1C242CBD-AF8D-4717-8683-F2378723DC03}.Debug|Any CPU.ActiveCfg = Debug|Any CPU
		{1C242CBD-AF8D-4717-8683-F2378723DC03}.Debug|Any CPU.Build.0 = Debug|Any CPU
		{1C242CBD-AF8D-4717-8683-F2378723DC03}.Release|Any CPU.ActiveCfg = Release|Any CPU
		{1C242CBD-AF8D-4717-8683-F2378723DC03}.Release|Any CPU.Build.0 = Release|Any CPU
		{6BA0F9BC-1A7F-43B8-95BA-F9E06DED6E8D}.Debug|Any CPU.ActiveCfg = Debug|Any CPU
		{6BA0F9BC-1A7F-43B8-95BA-F9E06DED6E8D}.Debug|Any CPU.Build.0 = Debug|Any CPU
		{6BA0F9BC-1A7F-43B8-95BA-F9E06DED6E8D}.Release|Any CPU.ActiveCfg = Release|Any CPU
		{6BA0F9BC-1A7F-43B8-95BA-F9E06DED6E8D}.Release|Any CPU.Build.0 = Release|Any CPU
		{90022D5C-8C04-41D9-B2A7-D9DD9A4B16CE}.Debug|Any CPU.ActiveCfg = Debug|Any CPU
		{90022D5C-8C04-41D9-B2A7-D9DD9A4B16CE}.Debug|Any CPU.Build.0 = Debug|Any CPU
		{90022D5C-8C04-41D9-B2A7-D9DD9A4B16CE}.Release|Any CPU.ActiveCfg = Release|Any CPU
		{90022D5C-8C04-41D9-B2A7-D9DD9A4B16CE}.Release|Any CPU.Build.0 = Release|Any CPU
	EndGlobalSection
	GlobalSection(SolutionProperties) = preSolution
		HideSolutionNode = FALSE
	EndGlobalSection
	GlobalSection(ExtensibilityGlobals) = postSolution
		SolutionGuid = {2DF65850-E060-4825-B850-296DB6BE1B42}
	EndGlobalSection
EndGlobal
