
Microsoft Visual Studio Solution File, Format Version 12.00
# Visual Studio 15
VisualStudioVersion = 15.0.28307.168
MinimumVisualStudioVersion = 10.0.40219.1
Project("{FAE04EC0-301F-11D3-BF4B-00C04F79EFBC}") = "WindowsFormsApp1", "..\WindowsFormsApp1\WindowsFormsApp1.csproj", "{C35530FC-3989-4498-A4D5-FF534ED8A5CD}"
EndProject
Project("{FAE04EC0-301F-11D3-BF4B-00C04F79EFBC}") = "WpfApp1", "WpfApp1\WpfApp1.csproj", "{595B9894-383A-45F9-AEF6-B7C0B71B8316}"
EndProject
Global
	GlobalSection(SolutionConfigurationPlatforms) = preSolution
		Debug|Any CPU = Debug|Any CPU
		Release|Any CPU = Release|Any CPU
	EndGlobalSection
	GlobalSection(ProjectConfigurationPlatforms) = postSolution
		{C35530FC-3989-4498-A4D5-FF534ED8A5CD}.Debug|Any CPU.ActiveCfg = Debug|Any CPU
		{C35530FC-3989-4498-A4D5-FF534ED8A5CD}.Debug|Any CPU.Build.0 = Debug|Any CPU
		{C35530FC-3989-4498-A4D5-FF534ED8A5CD}.Release|Any CPU.ActiveCfg = Release|Any CPU
		{C35530FC-3989-4498-A4D5-FF534ED8A5CD}.Release|Any CPU.Build.0 = Release|Any CPU
		{595B9894-383A-45F9-AEF6-B7C0B71B8316}.Debug|Any CPU.ActiveCfg = Debug|Any CPU
		{595B9894-383A-45F9-AEF6-B7C0B71B8316}.Debug|Any CPU.Build.0 = Debug|Any CPU
		{595B9894-383A-45F9-AEF6-B7C0B71B8316}.Release|Any CPU.ActiveCfg = Release|Any CPU
		{595B9894-383A-45F9-AEF6-B7C0B71B8316}.Release|Any CPU.Build.0 = Release|Any CPU
	EndGlobalSection
	GlobalSection(SolutionProperties) = preSolution
		HideSolutionNode = FALSE
	EndGlobalSection
	GlobalSection(ExtensibilityGlobals) = postSolution
		SolutionGuid = {71281935-C9C2-4E2F-83BC-6F14FB037A92}
	EndGlobalSection
EndGlobal
