
Microsoft Visual Studio Solution File, Format Version 12.00
# Visual Studio 15
VisualStudioVersion = 15.0.28307.136
MinimumVisualStudioVersion = 10.0.40219.1
Project("{FAE04EC0-301F-11D3-BF4B-00C04F79EFBC}") = "ArmyLayer", "ArmyLayer\ArmyLayer.csproj", "{7BFB67B1-F26D-47E7-9768-4B4B3B6871A3}"
EndProject
Project("{FAE04EC0-301F-11D3-BF4B-00C04F79EFBC}") = "ArmyReporting", "..\ArmyReporting\ArmyReporting.csproj", "{23633779-9117-4A01-93D4-C559D0A9E85E}"
EndProject
Global
	GlobalSection(SolutionConfigurationPlatforms) = preSolution
		Debug|Any CPU = Debug|Any CPU
		Release|Any CPU = Release|Any CPU
	EndGlobalSection
	GlobalSection(ProjectConfigurationPlatforms) = postSolution
		{7BFB67B1-F26D-47E7-9768-4B4B3B6871A3}.Debug|Any CPU.ActiveCfg = Debug|Any CPU
		{7BFB67B1-F26D-47E7-9768-4B4B3B6871A3}.Debug|Any CPU.Build.0 = Debug|Any CPU
		{7BFB67B1-F26D-47E7-9768-4B4B3B6871A3}.Release|Any CPU.ActiveCfg = Release|Any CPU
		{7BFB67B1-F26D-47E7-9768-4B4B3B6871A3}.Release|Any CPU.Build.0 = Release|Any CPU
		{23633779-9117-4A01-93D4-C559D0A9E85E}.Debug|Any CPU.ActiveCfg = Debug|Any CPU
		{23633779-9117-4A01-93D4-C559D0A9E85E}.Debug|Any CPU.Build.0 = Debug|Any CPU
		{23633779-9117-4A01-93D4-C559D0A9E85E}.Release|Any CPU.ActiveCfg = Release|Any CPU
		{23633779-9117-4A01-93D4-C559D0A9E85E}.Release|Any CPU.Build.0 = Release|Any CPU
	EndGlobalSection
	GlobalSection(SolutionProperties) = preSolution
		HideSolutionNode = FALSE
	EndGlobalSection
	GlobalSection(ExtensibilityGlobals) = postSolution
		SolutionGuid = {E8C49130-C882-4664-93B9-A33BC8CB35EF}
	EndGlobalSection
EndGlobal
