
Microsoft Visual Studio Solution File, Format Version 12.00
# Visual Studio 15
VisualStudioVersion = 15.0.28307.168
MinimumVisualStudioVersion = 10.0.40219.1
Project("{FAE04EC0-301F-11D3-BF4B-00C04F79EFBC}") = "The bank", "homework\The bank.csproj", "{D5F2899E-96CE-4731-ABA2-033258C80553}"
EndProject
Project("{FAE04EC0-301F-11D3-BF4B-00C04F79EFBC}") = "Army", "..\Army\Army.csproj", "{7445FBE9-B080-447C-805E-BCDF293F8B60}"
EndProject
Global
	GlobalSection(SolutionConfigurationPlatforms) = preSolution
		Debug|Any CPU = Debug|Any CPU
		Release|Any CPU = Release|Any CPU
	EndGlobalSection
	GlobalSection(ProjectConfigurationPlatforms) = postSolution
		{D5F2899E-96CE-4731-ABA2-033258C80553}.Debug|Any CPU.ActiveCfg = Debug|Any CPU
		{D5F2899E-96CE-4731-ABA2-033258C80553}.Debug|Any CPU.Build.0 = Debug|Any CPU
		{D5F2899E-96CE-4731-ABA2-033258C80553}.Release|Any CPU.ActiveCfg = Release|Any CPU
		{D5F2899E-96CE-4731-ABA2-033258C80553}.Release|Any CPU.Build.0 = Release|Any CPU
		{7445FBE9-B080-447C-805E-BCDF293F8B60}.Debug|Any CPU.ActiveCfg = Debug|Any CPU
		{7445FBE9-B080-447C-805E-BCDF293F8B60}.Debug|Any CPU.Build.0 = Debug|Any CPU
		{7445FBE9-B080-447C-805E-BCDF293F8B60}.Release|Any CPU.ActiveCfg = Release|Any CPU
		{7445FBE9-B080-447C-805E-BCDF293F8B60}.Release|Any CPU.Build.0 = Release|Any CPU
	EndGlobalSection
	GlobalSection(SolutionProperties) = preSolution
		HideSolutionNode = FALSE
	EndGlobalSection
	GlobalSection(ExtensibilityGlobals) = postSolution
		SolutionGuid = {7DE6B71B-F064-491C-B8EA-FADC76D41F46}
	EndGlobalSection
EndGlobal
