
Microsoft Visual Studio Solution File, Format Version 12.00
# Visual Studio 15
VisualStudioVersion = 15.0.28307.421
MinimumVisualStudioVersion = 10.0.40219.1
Project("{FAE04EC0-301F-11D3-BF4B-00C04F79EFBC}") = "ArmyLayer", "ArmyLibrary\ArmyLayer.csproj", "{5B44C38F-7BBB-47B5-B968-34E32BA47D73}"
EndProject
Project("{FAE04EC0-301F-11D3-BF4B-00C04F79EFBC}") = "ArmyReporting", "ArmyReportig\ArmyReporting.csproj", "{8A7E29C1-7802-4E42-8064-9BAD7C9289D4}"
EndProject
Project("{FAE04EC0-301F-11D3-BF4B-00C04F79EFBC}") = "ArmyReporting_WPF", "ArmyReporting\ArmyReporting_WPF.csproj", "{578E3E52-787E-48B1-B6D9-B660B9679D4F}"
EndProject
Global
	GlobalSection(SolutionConfigurationPlatforms) = preSolution
		Debug|Any CPU = Debug|Any CPU
		Release|Any CPU = Release|Any CPU
	EndGlobalSection
	GlobalSection(ProjectConfigurationPlatforms) = postSolution
		{5B44C38F-7BBB-47B5-B968-34E32BA47D73}.Debug|Any CPU.ActiveCfg = Debug|Any CPU
		{5B44C38F-7BBB-47B5-B968-34E32BA47D73}.Debug|Any CPU.Build.0 = Debug|Any CPU
		{5B44C38F-7BBB-47B5-B968-34E32BA47D73}.Release|Any CPU.ActiveCfg = Release|Any CPU
		{5B44C38F-7BBB-47B5-B968-34E32BA47D73}.Release|Any CPU.Build.0 = Release|Any CPU
		{8A7E29C1-7802-4E42-8064-9BAD7C9289D4}.Debug|Any CPU.ActiveCfg = Debug|Any CPU
		{8A7E29C1-7802-4E42-8064-9BAD7C9289D4}.Debug|Any CPU.Build.0 = Debug|Any CPU
		{8A7E29C1-7802-4E42-8064-9BAD7C9289D4}.Release|Any CPU.ActiveCfg = Release|Any CPU
		{8A7E29C1-7802-4E42-8064-9BAD7C9289D4}.Release|Any CPU.Build.0 = Release|Any CPU
		{578E3E52-787E-48B1-B6D9-B660B9679D4F}.Debug|Any CPU.ActiveCfg = Debug|Any CPU
		{578E3E52-787E-48B1-B6D9-B660B9679D4F}.Debug|Any CPU.Build.0 = Debug|Any CPU
		{578E3E52-787E-48B1-B6D9-B660B9679D4F}.Release|Any CPU.ActiveCfg = Release|Any CPU
		{578E3E52-787E-48B1-B6D9-B660B9679D4F}.Release|Any CPU.Build.0 = Release|Any CPU
	EndGlobalSection
	GlobalSection(SolutionProperties) = preSolution
		HideSolutionNode = FALSE
	EndGlobalSection
	GlobalSection(ExtensibilityGlobals) = postSolution
		SolutionGuid = {86807BCA-A27B-4DDE-9BAD-B45B862372F3}
	EndGlobalSection
EndGlobal
