
Microsoft Visual Studio Solution File, Format Version 12.00
# Visual Studio 15
VisualStudioVersion = 15.0.28307.421
MinimumVisualStudioVersion = 10.0.40219.1
Project("{FAE04EC0-301F-11D3-BF4B-00C04F79EFBC}") = "WindowsFormsApp1", "WindowsFormsApp1\WindowsFormsApp1.csproj", "{BFC8D907-33DD-4615-A5D8-0E09AEB791B1}"
EndProject
Project("{FAE04EC0-301F-11D3-BF4B-00C04F79EFBC}") = "WpfApp1", "WpfApp1\WpfApp1.csproj", "{673A774F-ADA9-4D10-B4F6-79DF0F0A2F59}"
EndProject
Global
	GlobalSection(SolutionConfigurationPlatforms) = preSolution
		Debug|Any CPU = Debug|Any CPU
		Release|Any CPU = Release|Any CPU
	EndGlobalSection
	GlobalSection(ProjectConfigurationPlatforms) = postSolution
		{BFC8D907-33DD-4615-A5D8-0E09AEB791B1}.Debug|Any CPU.ActiveCfg = Debug|Any CPU
		{BFC8D907-33DD-4615-A5D8-0E09AEB791B1}.Debug|Any CPU.Build.0 = Debug|Any CPU
		{BFC8D907-33DD-4615-A5D8-0E09AEB791B1}.Release|Any CPU.ActiveCfg = Release|Any CPU
		{BFC8D907-33DD-4615-A5D8-0E09AEB791B1}.Release|Any CPU.Build.0 = Release|Any CPU
		{673A774F-ADA9-4D10-B4F6-79DF0F0A2F59}.Debug|Any CPU.ActiveCfg = Debug|Any CPU
		{673A774F-ADA9-4D10-B4F6-79DF0F0A2F59}.Debug|Any CPU.Build.0 = Debug|Any CPU
		{673A774F-ADA9-4D10-B4F6-79DF0F0A2F59}.Release|Any CPU.ActiveCfg = Release|Any CPU
		{673A774F-ADA9-4D10-B4F6-79DF0F0A2F59}.Release|Any CPU.Build.0 = Release|Any CPU
	EndGlobalSection
	GlobalSection(SolutionProperties) = preSolution
		HideSolutionNode = FALSE
	EndGlobalSection
	GlobalSection(ExtensibilityGlobals) = postSolution
		SolutionGuid = {976A0E7C-F089-4AE4-8447-FA2A89058E50}
	EndGlobalSection
EndGlobal
