
Microsoft Visual Studio Solution File, Format Version 12.00
# Visual Studio 15
VisualStudioVersion = 15.0.28307.329
MinimumVisualStudioVersion = 10.0.40219.1
Project("{FAE04EC0-301F-11D3-BF4B-00C04F79EFBC}") = "Homework", "ConsoleApp1\Homework.csproj", "{26881885-7C6D-4D7F-8295-C1DBBF5E710E}"
EndProject
Global
	GlobalSection(SolutionConfigurationPlatforms) = preSolution
		Debug|Any CPU = Debug|Any CPU
		Release|Any CPU = Release|Any CPU
	EndGlobalSection
	GlobalSection(ProjectConfigurationPlatforms) = postSolution
		{26881885-7C6D-4D7F-8295-C1DBBF5E710E}.Debug|Any CPU.ActiveCfg = Debug|Any CPU
		{26881885-7C6D-4D7F-8295-C1DBBF5E710E}.Debug|Any CPU.Build.0 = Debug|Any CPU
		{26881885-7C6D-4D7F-8295-C1DBBF5E710E}.Release|Any CPU.ActiveCfg = Release|Any CPU
		{26881885-7C6D-4D7F-8295-C1DBBF5E710E}.Release|Any CPU.Build.0 = Release|Any CPU
	EndGlobalSection
	GlobalSection(SolutionProperties) = preSolution
		HideSolutionNode = FALSE
	EndGlobalSection
	GlobalSection(ExtensibilityGlobals) = postSolution
		SolutionGuid = {F34A8944-550C-443E-B1AB-0CD00008FA16}
	EndGlobalSection
EndGlobal
