
Microsoft Visual Studio Solution File, Format Version 12.00
# Visual Studio 15
VisualStudioVersion = 15.0.27703.2047
MinimumVisualStudioVersion = 10.0.40219.1
Project("{FAE04EC0-301F-11D3-BF4B-00C04F79EFBC}") = "WindowsFormsApp1", "WindowsFormsApp1\WindowsFormsApp1.csproj", "{DAEF513E-F242-4B08-A024-6F626EAF8BD4}"
EndProject
Project("{FAE04EC0-301F-11D3-BF4B-00C04F79EFBC}") = "WpfApp1", "..\WpfApp1\WpfApp1.csproj", "{B3271529-29E1-484C-9B95-E4349E5A217B}"
EndProject
Project("{FAE04EC0-301F-11D3-BF4B-00C04F79EFBC}") = "WebApplication1", "WebApplication1\WebApplication1.csproj", "{55783618-0768-4BE9-98DD-D44BDB854C1A}"
EndProject
Global
	GlobalSection(SolutionConfigurationPlatforms) = preSolution
		Debug|Any CPU = Debug|Any CPU
		Release|Any CPU = Release|Any CPU
	EndGlobalSection
	GlobalSection(ProjectConfigurationPlatforms) = postSolution
		{DAEF513E-F242-4B08-A024-6F626EAF8BD4}.Debug|Any CPU.ActiveCfg = Debug|Any CPU
		{DAEF513E-F242-4B08-A024-6F626EAF8BD4}.Debug|Any CPU.Build.0 = Debug|Any CPU
		{DAEF513E-F242-4B08-A024-6F626EAF8BD4}.Release|Any CPU.ActiveCfg = Release|Any CPU
		{DAEF513E-F242-4B08-A024-6F626EAF8BD4}.Release|Any CPU.Build.0 = Release|Any CPU
		{B3271529-29E1-484C-9B95-E4349E5A217B}.Debug|Any CPU.ActiveCfg = Debug|Any CPU
		{B3271529-29E1-484C-9B95-E4349E5A217B}.Debug|Any CPU.Build.0 = Debug|Any CPU
		{B3271529-29E1-484C-9B95-E4349E5A217B}.Release|Any CPU.ActiveCfg = Release|Any CPU
		{B3271529-29E1-484C-9B95-E4349E5A217B}.Release|Any CPU.Build.0 = Release|Any CPU
		{55783618-0768-4BE9-98DD-D44BDB854C1A}.Debug|Any CPU.ActiveCfg = Debug|Any CPU
		{55783618-0768-4BE9-98DD-D44BDB854C1A}.Debug|Any CPU.Build.0 = Debug|Any CPU
		{55783618-0768-4BE9-98DD-D44BDB854C1A}.Release|Any CPU.ActiveCfg = Release|Any CPU
		{55783618-0768-4BE9-98DD-D44BDB854C1A}.Release|Any CPU.Build.0 = Release|Any CPU
	EndGlobalSection
	GlobalSection(SolutionProperties) = preSolution
		HideSolutionNode = FALSE
	EndGlobalSection
	GlobalSection(ExtensibilityGlobals) = postSolution
		SolutionGuid = {7F3D1AF2-7507-40CE-B368-A15849D1F456}
	EndGlobalSection
EndGlobal
