
Microsoft Visual Studio Solution File, Format Version 12.00
# Visual Studio 15
VisualStudioVersion = 15.0.28307.136
MinimumVisualStudioVersion = 10.0.40219.1
Project("{FAE04EC0-301F-11D3-BF4B-00C04F79EFBC}") = "ConsoleApp1", "ConsoleApp1\ConsoleApp1.csproj", "{9AF6BEED-E6DD-4A50-A023-F080A2108C40}"
EndProject
Project("{FAE04EC0-301F-11D3-BF4B-00C04F79EFBC}") = "ClassLibrary1", "ClassLibrary1\ClassLibrary1.csproj", "{5BCD755F-C353-46D9-9A1B-68557341D441}"
EndProject
Project("{FAE04EC0-301F-11D3-BF4B-00C04F79EFBC}") = "Car", "Car\Car.csproj", "{E0E4D1CB-DE7F-41A2-8D6F-49B96C707D5A}"
EndProject
Global
	GlobalSection(SolutionConfigurationPlatforms) = preSolution
		Debug|Any CPU = Debug|Any CPU
		Release|Any CPU = Release|Any CPU
	EndGlobalSection
	GlobalSection(ProjectConfigurationPlatforms) = postSolution
		{9AF6BEED-E6DD-4A50-A023-F080A2108C40}.Debug|Any CPU.ActiveCfg = Debug|Any CPU
		{9AF6BEED-E6DD-4A50-A023-F080A2108C40}.Debug|Any CPU.Build.0 = Debug|Any CPU
		{9AF6BEED-E6DD-4A50-A023-F080A2108C40}.Release|Any CPU.ActiveCfg = Release|Any CPU
		{9AF6BEED-E6DD-4A50-A023-F080A2108C40}.Release|Any CPU.Build.0 = Release|Any CPU
		{5BCD755F-C353-46D9-9A1B-68557341D441}.Debug|Any CPU.ActiveCfg = Debug|Any CPU
		{5BCD755F-C353-46D9-9A1B-68557341D441}.Debug|Any CPU.Build.0 = Debug|Any CPU
		{5BCD755F-C353-46D9-9A1B-68557341D441}.Release|Any CPU.ActiveCfg = Release|Any CPU
		{5BCD755F-C353-46D9-9A1B-68557341D441}.Release|Any CPU.Build.0 = Release|Any CPU
		{E0E4D1CB-DE7F-41A2-8D6F-49B96C707D5A}.Debug|Any CPU.ActiveCfg = Debug|Any CPU
		{E0E4D1CB-DE7F-41A2-8D6F-49B96C707D5A}.Debug|Any CPU.Build.0 = Debug|Any CPU
		{E0E4D1CB-DE7F-41A2-8D6F-49B96C707D5A}.Release|Any CPU.ActiveCfg = Release|Any CPU
		{E0E4D1CB-DE7F-41A2-8D6F-49B96C707D5A}.Release|Any CPU.Build.0 = Release|Any CPU
	EndGlobalSection
	GlobalSection(SolutionProperties) = preSolution
		HideSolutionNode = FALSE
	EndGlobalSection
	GlobalSection(ExtensibilityGlobals) = postSolution
		SolutionGuid = {C810F815-5638-4E19-B93B-10A20DED51D7}
	EndGlobalSection
EndGlobal
