
Microsoft Visual Studio Solution File, Format Version 12.00
# Visual Studio 15
VisualStudioVersion = 15.0.28010.2048
MinimumVisualStudioVersion = 10.0.40219.1
Project("{FAE04EC0-301F-11D3-BF4B-00C04F79EFBC}") = "Point2D", "Homework2\Point2D.csproj", "{E594F68A-5E04-4EFC-9832-5CC0C533952B}"
EndProject
Project("{FAE04EC0-301F-11D3-BF4B-00C04F79EFBC}") = "AnimalFarm", "AnimalFarm\AnimalFarm.csproj", "{9A6C0EAE-3239-40E1-8F92-A8020FC5DF14}"
EndProject
Global
	GlobalSection(SolutionConfigurationPlatforms) = preSolution
		Debug|Any CPU = Debug|Any CPU
		Release|Any CPU = Release|Any CPU
	EndGlobalSection
	GlobalSection(ProjectConfigurationPlatforms) = postSolution
		{E594F68A-5E04-4EFC-9832-5CC0C533952B}.Debug|Any CPU.ActiveCfg = Debug|Any CPU
		{E594F68A-5E04-4EFC-9832-5CC0C533952B}.Debug|Any CPU.Build.0 = Debug|Any CPU
		{E594F68A-5E04-4EFC-9832-5CC0C533952B}.Release|Any CPU.ActiveCfg = Release|Any CPU
		{E594F68A-5E04-4EFC-9832-5CC0C533952B}.Release|Any CPU.Build.0 = Release|Any CPU
		{9A6C0EAE-3239-40E1-8F92-A8020FC5DF14}.Debug|Any CPU.ActiveCfg = Debug|Any CPU
		{9A6C0EAE-3239-40E1-8F92-A8020FC5DF14}.Debug|Any CPU.Build.0 = Debug|Any CPU
		{9A6C0EAE-3239-40E1-8F92-A8020FC5DF14}.Release|Any CPU.ActiveCfg = Release|Any CPU
		{9A6C0EAE-3239-40E1-8F92-A8020FC5DF14}.Release|Any CPU.Build.0 = Release|Any CPU
	EndGlobalSection
	GlobalSection(SolutionProperties) = preSolution
		HideSolutionNode = FALSE
	EndGlobalSection
	GlobalSection(ExtensibilityGlobals) = postSolution
		SolutionGuid = {AC58B8BF-0ABD-483D-A39E-7657A7FD286E}
	EndGlobalSection
EndGlobal
