
Microsoft Visual Studio Solution File, Format Version 12.00
# Visual Studio 15
VisualStudioVersion = 15.0.28307.421
MinimumVisualStudioVersion = 10.0.40219.1
Project("{FAE04EC0-301F-11D3-BF4B-00C04F79EFBC}") = "WindowsFormsApp1", "WindowsFormsApp1.csproj", "{B17C080E-0A66-49BF-90A1-621B95970C9F}"
EndProject
Project("{FAE04EC0-301F-11D3-BF4B-00C04F79EFBC}") = "WpfApp1", "..\WpfApp1\WpfApp1.csproj", "{96615F3C-4353-49ED-887F-0CDA8F7429C6}"
EndProject
Project("{FAE04EC0-301F-11D3-BF4B-00C04F79EFBC}") = "WebApplication1", "WebApplication1\WebApplication1.csproj", "{0FC66A50-F86D-4FFB-A0DE-DB938090D083}"
EndProject
Global
	GlobalSection(SolutionConfigurationPlatforms) = preSolution
		Debug|Any CPU = Debug|Any CPU
		Release|Any CPU = Release|Any CPU
	EndGlobalSection
	GlobalSection(ProjectConfigurationPlatforms) = postSolution
		{B17C080E-0A66-49BF-90A1-621B95970C9F}.Debug|Any CPU.ActiveCfg = Debug|Any CPU
		{B17C080E-0A66-49BF-90A1-621B95970C9F}.Debug|Any CPU.Build.0 = Debug|Any CPU
		{B17C080E-0A66-49BF-90A1-621B95970C9F}.Release|Any CPU.ActiveCfg = Release|Any CPU
		{B17C080E-0A66-49BF-90A1-621B95970C9F}.Release|Any CPU.Build.0 = Release|Any CPU
		{96615F3C-4353-49ED-887F-0CDA8F7429C6}.Debug|Any CPU.ActiveCfg = Debug|Any CPU
		{96615F3C-4353-49ED-887F-0CDA8F7429C6}.Debug|Any CPU.Build.0 = Debug|Any CPU
		{96615F3C-4353-49ED-887F-0CDA8F7429C6}.Release|Any CPU.ActiveCfg = Release|Any CPU
		{96615F3C-4353-49ED-887F-0CDA8F7429C6}.Release|Any CPU.Build.0 = Release|Any CPU
		{0FC66A50-F86D-4FFB-A0DE-DB938090D083}.Debug|Any CPU.ActiveCfg = Debug|Any CPU
		{0FC66A50-F86D-4FFB-A0DE-DB938090D083}.Debug|Any CPU.Build.0 = Debug|Any CPU
		{0FC66A50-F86D-4FFB-A0DE-DB938090D083}.Release|Any CPU.ActiveCfg = Release|Any CPU
		{0FC66A50-F86D-4FFB-A0DE-DB938090D083}.Release|Any CPU.Build.0 = Release|Any CPU
	EndGlobalSection
	GlobalSection(SolutionProperties) = preSolution
		HideSolutionNode = FALSE
	EndGlobalSection
	GlobalSection(ExtensibilityGlobals) = postSolution
		SolutionGuid = {CF68A511-79B9-4FC0-92B7-1C7FD75ED974}
	EndGlobalSection
EndGlobal
