
Microsoft Visual Studio Solution File, Format Version 12.00
# Visual Studio 15
VisualStudioVersion = 15.0.26228.64
MinimumVisualStudioVersion = 10.0.40219.1
Project("{FAE04EC0-301F-11D3-BF4B-00C04F79EFBC}") = "ConsoleApp1", "ConsoleApp1\ConsoleApp1.csproj", "{C3E830F3-0302-4F15-A040-094D1A94CD1C}"
EndProject
Project("{FAE04EC0-301F-11D3-BF4B-00C04F79EFBC}") = "ConsoleApp2", "..\..\Lesson2\ConsoleApp2\ConsoleApp2.csproj", "{9BF08155-69CC-4427-B2FA-C40477F80E7E}"
EndProject
Project("{FAE04EC0-301F-11D3-BF4B-00C04F79EFBC}") = "HomeWork", "..\..\HomeWork\HomeWork\HomeWork.csproj", "{73F24F2B-B781-4DA9-B599-69FEE04618E0}"
EndProject
Project("{FAE04EC0-301F-11D3-BF4B-00C04F79EFBC}") = "ConsoleApp3", "..\..\Lesson3\ConsoleApp3\ConsoleApp3.csproj", "{9029BFFC-816C-4426-A346-7CF56B5A1137}"
EndProject
Project("{FAE04EC0-301F-11D3-BF4B-00C04F79EFBC}") = "ConsoleApp4", "..\..\Lesson4\ConsoleApp4\ConsoleApp4.csproj", "{80BD5D24-30A7-4432-9FDA-2039519C968C}"
EndProject
Project("{FAE04EC0-301F-11D3-BF4B-00C04F79EFBC}") = "ClassLibrary1", "..\..\Lesson4\ClassLibrary1\ClassLibrary1.csproj", "{0DAE65F4-7368-4344-8ECF-6D42EEF1EB26}"
EndProject
Project("{FAE04EC0-301F-11D3-BF4B-00C04F79EFBC}") = "ConsoleApp5", "..\..\Lesson5\ConsoleApp5\ConsoleApp5.csproj", "{978AAE13-1F0E-4A17-AF9B-AD8FF5358246}"
EndProject
Project("{FAE04EC0-301F-11D3-BF4B-00C04F79EFBC}") = "ClassLibrary2", "ClassLibrary2\ClassLibrary2.csproj", "{BC97187E-4729-4216-B9FA-B7E3ECEF383E}"
EndProject
Project("{FAE04EC0-301F-11D3-BF4B-00C04F79EFBC}") = "ArmyLayer", "..\..\HomeWork\ArmyLayer\ArmyLayer.csproj", "{F8704DF2-41C5-4C63-BD66-3C2557B18D5A}"
EndProject
Project("{FAE04EC0-301F-11D3-BF4B-00C04F79EFBC}") = "ArmyReporting", "..\..\HomeWork\ArmyReporting\ArmyReporting.csproj", "{17D43D9F-EE29-4D3F-A37B-C39B24FF4681}"
EndProject
Project("{FAE04EC0-301F-11D3-BF4B-00C04F79EFBC}") = "WindowsFormsApp1", "..\..\Lesson6\WindowsFormsApp1\WindowsFormsApp1.csproj", "{C807D722-D372-40E7-9ABD-345FB79CBF44}"
EndProject
Project("{FAE04EC0-301F-11D3-BF4B-00C04F79EFBC}") = "WebApplication1", "WebApplication1\WebApplication1.csproj", "{DB4489F4-2149-49BE-82B7-8E73D0DAF554}"
EndProject
Global
	GlobalSection(SolutionConfigurationPlatforms) = preSolution
		Debug|Any CPU = Debug|Any CPU
		Release|Any CPU = Release|Any CPU
	EndGlobalSection
	GlobalSection(ProjectConfigurationPlatforms) = postSolution
		{C3E830F3-0302-4F15-A040-094D1A94CD1C}.Debug|Any CPU.ActiveCfg = Debug|Any CPU
		{C3E830F3-0302-4F15-A040-094D1A94CD1C}.Debug|Any CPU.Build.0 = Debug|Any CPU
		{C3E830F3-0302-4F15-A040-094D1A94CD1C}.Release|Any CPU.ActiveCfg = Release|Any CPU
		{C3E830F3-0302-4F15-A040-094D1A94CD1C}.Release|Any CPU.Build.0 = Release|Any CPU
		{9BF08155-69CC-4427-B2FA-C40477F80E7E}.Debug|Any CPU.ActiveCfg = Debug|Any CPU
		{9BF08155-69CC-4427-B2FA-C40477F80E7E}.Debug|Any CPU.Build.0 = Debug|Any CPU
		{9BF08155-69CC-4427-B2FA-C40477F80E7E}.Release|Any CPU.ActiveCfg = Release|Any CPU
		{9BF08155-69CC-4427-B2FA-C40477F80E7E}.Release|Any CPU.Build.0 = Release|Any CPU
		{73F24F2B-B781-4DA9-B599-69FEE04618E0}.Debug|Any CPU.ActiveCfg = Debug|Any CPU
		{73F24F2B-B781-4DA9-B599-69FEE04618E0}.Debug|Any CPU.Build.0 = Debug|Any CPU
		{73F24F2B-B781-4DA9-B599-69FEE04618E0}.Release|Any CPU.ActiveCfg = Release|Any CPU
		{73F24F2B-B781-4DA9-B599-69FEE04618E0}.Release|Any CPU.Build.0 = Release|Any CPU
		{9029BFFC-816C-4426-A346-7CF56B5A1137}.Debug|Any CPU.ActiveCfg = Debug|Any CPU
		{9029BFFC-816C-4426-A346-7CF56B5A1137}.Debug|Any CPU.Build.0 = Debug|Any CPU
		{9029BFFC-816C-4426-A346-7CF56B5A1137}.Release|Any CPU.ActiveCfg = Release|Any CPU
		{9029BFFC-816C-4426-A346-7CF56B5A1137}.Release|Any CPU.Build.0 = Release|Any CPU
		{80BD5D24-30A7-4432-9FDA-2039519C968C}.Debug|Any CPU.ActiveCfg = Debug|Any CPU
		{80BD5D24-30A7-4432-9FDA-2039519C968C}.Debug|Any CPU.Build.0 = Debug|Any CPU
		{80BD5D24-30A7-4432-9FDA-2039519C968C}.Release|Any CPU.ActiveCfg = Release|Any CPU
		{80BD5D24-30A7-4432-9FDA-2039519C968C}.Release|Any CPU.Build.0 = Release|Any CPU
		{0DAE65F4-7368-4344-8ECF-6D42EEF1EB26}.Debug|Any CPU.ActiveCfg = Debug|Any CPU
		{0DAE65F4-7368-4344-8ECF-6D42EEF1EB26}.Debug|Any CPU.Build.0 = Debug|Any CPU
		{0DAE65F4-7368-4344-8ECF-6D42EEF1EB26}.Release|Any CPU.ActiveCfg = Release|Any CPU
		{0DAE65F4-7368-4344-8ECF-6D42EEF1EB26}.Release|Any CPU.Build.0 = Release|Any CPU
		{978AAE13-1F0E-4A17-AF9B-AD8FF5358246}.Debug|Any CPU.ActiveCfg = Debug|Any CPU
		{978AAE13-1F0E-4A17-AF9B-AD8FF5358246}.Debug|Any CPU.Build.0 = Debug|Any CPU
		{978AAE13-1F0E-4A17-AF9B-AD8FF5358246}.Release|Any CPU.ActiveCfg = Release|Any CPU
		{978AAE13-1F0E-4A17-AF9B-AD8FF5358246}.Release|Any CPU.Build.0 = Release|Any CPU
		{BC97187E-4729-4216-B9FA-B7E3ECEF383E}.Debug|Any CPU.ActiveCfg = Debug|Any CPU
		{BC97187E-4729-4216-B9FA-B7E3ECEF383E}.Debug|Any CPU.Build.0 = Debug|Any CPU
		{BC97187E-4729-4216-B9FA-B7E3ECEF383E}.Release|Any CPU.ActiveCfg = Release|Any CPU
		{BC97187E-4729-4216-B9FA-B7E3ECEF383E}.Release|Any CPU.Build.0 = Release|Any CPU
		{F8704DF2-41C5-4C63-BD66-3C2557B18D5A}.Debug|Any CPU.ActiveCfg = Debug|Any CPU
		{F8704DF2-41C5-4C63-BD66-3C2557B18D5A}.Debug|Any CPU.Build.0 = Debug|Any CPU
		{F8704DF2-41C5-4C63-BD66-3C2557B18D5A}.Release|Any CPU.ActiveCfg = Release|Any CPU
		{F8704DF2-41C5-4C63-BD66-3C2557B18D5A}.Release|Any CPU.Build.0 = Release|Any CPU
		{17D43D9F-EE29-4D3F-A37B-C39B24FF4681}.Debug|Any CPU.ActiveCfg = Debug|Any CPU
		{17D43D9F-EE29-4D3F-A37B-C39B24FF4681}.Debug|Any CPU.Build.0 = Debug|Any CPU
		{17D43D9F-EE29-4D3F-A37B-C39B24FF4681}.Release|Any CPU.ActiveCfg = Release|Any CPU
		{17D43D9F-EE29-4D3F-A37B-C39B24FF4681}.Release|Any CPU.Build.0 = Release|Any CPU
		{C807D722-D372-40E7-9ABD-345FB79CBF44}.Debug|Any CPU.ActiveCfg = Debug|Any CPU
		{C807D722-D372-40E7-9ABD-345FB79CBF44}.Debug|Any CPU.Build.0 = Debug|Any CPU
		{C807D722-D372-40E7-9ABD-345FB79CBF44}.Release|Any CPU.ActiveCfg = Release|Any CPU
		{C807D722-D372-40E7-9ABD-345FB79CBF44}.Release|Any CPU.Build.0 = Release|Any CPU
		{DB4489F4-2149-49BE-82B7-8E73D0DAF554}.Debug|Any CPU.ActiveCfg = Debug|Any CPU
		{DB4489F4-2149-49BE-82B7-8E73D0DAF554}.Debug|Any CPU.Build.0 = Debug|Any CPU
		{DB4489F4-2149-49BE-82B7-8E73D0DAF554}.Release|Any CPU.ActiveCfg = Release|Any CPU
		{DB4489F4-2149-49BE-82B7-8E73D0DAF554}.Release|Any CPU.Build.0 = Release|Any CPU
	EndGlobalSection
	GlobalSection(SolutionProperties) = preSolution
		HideSolutionNode = FALSE
	EndGlobalSection
	GlobalSection(ExtensibilityGlobals) = postSolution
		SolutionGuid = {2DF65850-E060-4825-B850-296DB6BE1B42}
	EndGlobalSection
EndGlobal
