
Microsoft Visual Studio Solution File, Format Version 12.00
# Visual Studio 15
VisualStudioVersion = 15.0.26430.16
MinimumVisualStudioVersion = 10.0.40219.1
Project("{FAE04EC0-301F-11D3-BF4B-00C04F79EFBC}") = "ConsoleApp1", "ConsoleApp1\ConsoleApp1.csproj", "{72CB27A8-A811-4B94-AF02-F3369AD3D752}"
EndProject
Global
	GlobalSection(SolutionConfigurationPlatforms) = preSolution
		Debug|Any CPU = Debug|Any CPU
		Release|Any CPU = Release|Any CPU
	EndGlobalSection
	GlobalSection(ProjectConfigurationPlatforms) = postSolution
		{72CB27A8-A811-4B94-AF02-F3369AD3D752}.Debug|Any CPU.ActiveCfg = Debug|Any CPU
		{72CB27A8-A811-4B94-AF02-F3369AD3D752}.Debug|Any CPU.Build.0 = Debug|Any CPU
		{72CB27A8-A811-4B94-AF02-F3369AD3D752}.Release|Any CPU.ActiveCfg = Release|Any CPU
		{72CB27A8-A811-4B94-AF02-F3369AD3D752}.Release|Any CPU.Build.0 = Release|Any CPU
	EndGlobalSection
	GlobalSection(SolutionProperties) = preSolution
		HideSolutionNode = FALSE
	EndGlobalSection
EndGlobal
